
Microsoft Visual Studio Solution File, Format Version 12.00
# Visual Studio Version 16
VisualStudioVersion = 16.0.30611.23
MinimumVisualStudioVersion = 10.0.40219.1
Project("{FAE04EC0-301F-11D3-BF4B-00C04F79EFBC}") = "FM Playstyle Calculator", "FM Playstyle Calculator\FM Playstyle Calculator.csproj", "{3C84562B-2A4F-4A77-8359-6C6F713DEA97}"
EndProject
Global
	GlobalSection(SolutionConfigurationPlatforms) = preSolution
		Debug|Any CPU = Debug|Any CPU
		Release|Any CPU = Release|Any CPU
	EndGlobalSection
	GlobalSection(ProjectConfigurationPlatforms) = postSolution
		{3C84562B-2A4F-4A77-8359-6C6F713DEA97}.Debug|Any CPU.ActiveCfg = Debug|Any CPU
		{3C84562B-2A4F-4A77-8359-6C6F713DEA97}.Debug|Any CPU.Build.0 = Debug|Any CPU
		{3C84562B-2A4F-4A77-8359-6C6F713DEA97}.Release|Any CPU.ActiveCfg = Release|Any CPU
		{3C84562B-2A4F-4A77-8359-6C6F713DEA97}.Release|Any CPU.Build.0 = Release|Any CPU
	EndGlobalSection
	GlobalSection(SolutionProperties) = preSolution
		HideSolutionNode = FALSE
	EndGlobalSection
	GlobalSection(ExtensibilityGlobals) = postSolution
		SolutionGuid = {C4055E04-7C2B-43E3-88A4-8BCEE1DF2B0F}
	EndGlobalSection
EndGlobal
